
Microsoft Visual Studio Solution File, Format Version 12.00
# Visual Studio 15
VisualStudioVersion = 15.0.27004.2006
MinimumVisualStudioVersion = 10.0.40219.1
Project("{FAE04EC0-301F-11D3-BF4B-00C04F79EFBC}") = "TranslationEditor.Net", "LocalizerDesktop\TranslationEditor.Net.csproj", "{8C96BD98-7620-439B-8A00-EA517E6F23C9}"
EndProject
Global
	GlobalSection(SolutionConfigurationPlatforms) = preSolution
		Debug|Any CPU = Debug|Any CPU
		Release|Any CPU = Release|Any CPU
	EndGlobalSection
	GlobalSection(ProjectConfigurationPlatforms) = postSolution
		{8C96BD98-7620-439B-8A00-EA517E6F23C9}.Debug|Any CPU.ActiveCfg = Debug|Any CPU
		{8C96BD98-7620-439B-8A00-EA517E6F23C9}.Debug|Any CPU.Build.0 = Debug|Any CPU
		{8C96BD98-7620-439B-8A00-EA517E6F23C9}.Release|Any CPU.ActiveCfg = Release|Any CPU
		{8C96BD98-7620-439B-8A00-EA517E6F23C9}.Release|Any CPU.Build.0 = Release|Any CPU
	EndGlobalSection
	GlobalSection(SolutionProperties) = preSolution
		HideSolutionNode = FALSE
	EndGlobalSection
	GlobalSection(ExtensibilityGlobals) = postSolution
		SolutionGuid = {A61A450C-482C-4081-B570-AF8D4C7A833A}
	EndGlobalSection
EndGlobal
